
Microsoft Visual Studio Solution File, Format Version 12.00
Project("{FAE04EC0-301F-11D3-BF4B-00C04F79EFBC}") = "DemoIdentityServer4", "DemoIdentityServer4\DemoIdentityServer4.csproj", "{88F7D0AB-4D8A-4A05-A6D0-E9CF0DE8495F}"
EndProject
Global
	GlobalSection(SolutionConfigurationPlatforms) = preSolution
		Debug|Any CPU = Debug|Any CPU
		Release|Any CPU = Release|Any CPU
	EndGlobalSection
	GlobalSection(ProjectConfigurationPlatforms) = postSolution
		{88F7D0AB-4D8A-4A05-A6D0-E9CF0DE8495F}.Debug|Any CPU.ActiveCfg = Debug|Any CPU
		{88F7D0AB-4D8A-4A05-A6D0-E9CF0DE8495F}.Debug|Any CPU.Build.0 = Debug|Any CPU
		{88F7D0AB-4D8A-4A05-A6D0-E9CF0DE8495F}.Release|Any CPU.ActiveCfg = Release|Any CPU
		{88F7D0AB-4D8A-4A05-A6D0-E9CF0DE8495F}.Release|Any CPU.Build.0 = Release|Any CPU
	EndGlobalSection
EndGlobal
